Microsoft Visual Studio Solution File, Format Version 11.00
# Visual Studio 2008

Project("{0DABC8B5-2DD0-29D9-15FA-46B2D77C112A}") = "Camera2D", "Assembly-CSharp.csproj", "{73FEA824-01AC-23CF-2747-25A38019299F}"
EndProject
Global
	GlobalSection(SolutionConfigurationPlatforms) = preSolution
		Debug|Any CPU = Debug|Any CPU
		Release|Any CPU = Release|Any CPU
	EndGlobalSection
	GlobalSection(ProjectConfigurationPlatforms) = postSolution
		{73FEA824-01AC-23CF-2747-25A38019299F}.Debug|Any CPU.ActiveCfg = Debug|Any CPU
		{73FEA824-01AC-23CF-2747-25A38019299F}.Debug|Any CPU.Build.0 = Debug|Any CPU
		{73FEA824-01AC-23CF-2747-25A38019299F}.Release|Any CPU.ActiveCfg = Release|Any CPU
		{73FEA824-01AC-23CF-2747-25A38019299F}.Release|Any CPU.Build.0 = Release|Any CPU
	EndGlobalSection
	GlobalSection(SolutionProperties) = preSolution
		HideSolutionNode = FALSE
	EndGlobalSection
	GlobalSection(MonoDevelopProperties) = preSolution
		StartupItem = Assembly-CSharp.csproj
	EndGlobalSection
EndGlobal
